<?xml version="1.0" encoding="utf-8"?>
<Project ToolsVersion="4.0" xmlns="http://schemas.microsoft.com/developer/msbuild/2003">
  <ItemGroup>
    <Filter Include="Исходные файлы">
      <UniqueIdentifier>{4FC737F1-C7A5-4376-A066-2A32D752A2FF}</UniqueIdentifier>
      <Extensions>cpp;c;cc;cxx;c++;cppm;ixx;def;odl;idl;hpj;bat;asm;asmx</Extensions>
    </Filter>
    <Filter Include="Файлы заголовков">
      <UniqueIdentifier>{93995380-89BD-4b04-88EB-625FBE52EBFB}</UniqueIdentifier>
      <Extensions>h;hh;hpp;hxx;h++;hm;inl;inc;ipp;xsd</Extensions>
    </Filter>
    <Filter Include="Файлы ресурсов">
      <UniqueIdentifier>{67DA6AB6-F800-4c08-8B7A-83BB121AAD01}</UniqueIdentifier>
      <Extensions>rc;ico;cur;bmp;dlg;rc2;rct;bin;rgs;gif;jpg;jpeg;jpe;resx;tiff;tif;png;wav;mfcribbon-ms</Extensions>
    </Filter>
    <Filter Include="Исходные файлы\WaterPump">
      <UniqueIdentifier>{7a0ef30e-d8f5-49c0-b34c-67481e92eaed}</UniqueIdentifier>
    </Filter>
    <Filter Include="Исходные файлы\main">
      <UniqueIdentifier>{feb4d29a-72ba-45d0-aa09-133c7af405db}</UniqueIdentifier>
    </Filter>
    <Filter Include="Исходные файлы\resources">
      <UniqueIdentifier>{45b55096-54df-4dbb-91c4-5f0402928b11}</UniqueIdentifier>
    </Filter>
  </ItemGroup>
  <ItemGroup>
    <ClCompile Include="WaterPump.cpp">
      <Filter>Исходные файлы\WaterPump</Filter>
    </ClCompile>
    <ClCompile Include="main.cpp">
      <Filter>Исходные файлы\main</Filter>
    </ClCompile>
    <ClCompile Include="utils.cpp">
      <Filter>Исходные файлы\main</Filter>
    </ClCompile>
    <ClCompile Include="inputs.cpp">
      <Filter>Исходные файлы\main</Filter>
    </ClCompile>
    <ClCompile Include="LocalizationManager.cpp">
      <Filter>Исходные файлы\main</Filter>
    </ClCompile>
  </ItemGroup>
  <ItemGroup>
    <ClInclude Include="WaterPumpForm.h">
      <Filter>Файлы заголовков</Filter>
    </ClInclude>
    <ClInclude Include="Pipe.h">
      <Filter>Файлы заголовков</Filter>
    </ClInclude>
    <ClInclude Include="WaterPump.h">
      <Filter>Исходные файлы\WaterPump</Filter>
    </ClInclude>
    <ClInclude Include="main.h">
      <Filter>Исходные файлы\main</Filter>
    </ClInclude>
    <ClInclude Include="utils.h">
      <Filter>Исходные файлы\main</Filter>
    </ClInclude>
    <ClInclude Include="ObserverValue.h">
      <Filter>Исходные файлы\main</Filter>
    </ClInclude>
    <ClInclude Include="AbstractDialog.h">
      <Filter>Исходные файлы\main</Filter>
    </ClInclude>
    <ClInclude Include="DBWrapper.h">
      <Filter>Исходные файлы\main</Filter>
    </ClInclude>
    <ClInclude Include="inputs.h">
      <Filter>Исходные файлы\main</Filter>
    </ClInclude>
    <ClInclude Include="RealChartPoint.h">
      <Filter>Исходные файлы\WaterPump</Filter>
    </ClInclude>
    <ClInclude Include="RealWaterPump.h">
      <Filter>Исходные файлы\WaterPump</Filter>
    </ClInclude>
    <ClInclude Include="CurrentForm.h">
      <Filter>Исходные файлы\main</Filter>
    </ClInclude>
    <ClInclude Include="RealAbstractDialog.h">
      <Filter>Исходные файлы\main</Filter>
    </ClInclude>
    <ClInclude Include="LocalizationManager.h">
      <Filter>Исходные файлы\main</Filter>
    </ClInclude>
  </ItemGroup>
  <ItemGroup>
    <EmbeddedResource Include="strings.resx">
      <Filter>Исходные файлы\resources</Filter>
    </EmbeddedResource>
  </ItemGroup>
</Project>